
Microsoft Visual Studio Solution File, Format Version 12.00
# Visual Studio Version 16
VisualStudioVersion = 16.0.29326.143
MinimumVisualStudioVersion = 10.0.40219.1
Project("{2150E333-8FDC-42A3-9474-1A3956D46DE8}") = "_SolutionItems", "_SolutionItems", "{E2D20D07-0EEF-477D-85F6-415974ECA79F}"
	ProjectSection(SolutionItems) = preProject
		.editorconfig = .editorconfig
		azure-pipelines.yml = azure-pipelines.yml
		deploy.sh = deploy.sh
		Dockerfile = Dockerfile
		publish-imgage.ps1 = publish-imgage.ps1
		README.md = README.md
	EndProjectSection
EndProject
Project("{9A19103F-16F7-4668-BE54-9A1E7A4F7556}") = "Element", "src\Components\Element.csproj", "{94DF9FD2-B254-4071-A082-49CF652D0066}"
EndProject
Project("{9A19103F-16F7-4668-BE54-9A1E7A4F7556}") = "IssueManage.Pages", "src\Admin\Admin\IssueManage.Pages.csproj", "{36BBE899-CF01-4ECF-B4F4-627D63531005}"
EndProject
Project("{9A19103F-16F7-4668-BE54-9A1E7A4F7556}") = "IssueManage.Test", "test\Element.Test\IssueManage.Test.csproj", "{D9F69E27-BF1F-4088-AD24-5961B09F9D32}"
EndProject
Project("{9A19103F-16F7-4668-BE54-9A1E7A4F7556}") = "IssueManage", "src\IssueManage\IssueManage.csproj", "{93819E79-B450-4652-AD6E-E4FB114BAB29}"
EndProject
Project("{FAE04EC0-301F-11D3-BF4B-00C04F79EFBC}") = "IssueManage.Tool", "IssueManage.Tool\IssueManage.Tool.csproj", "{714A57C1-5A0C-413D-B1D5-E21457182E67}"
EndProject
Global
	GlobalSection(SolutionConfigurationPlatforms) = preSolution
		Debug|Any CPU = Debug|Any CPU
		Release|Any CPU = Release|Any CPU
	EndGlobalSection
	GlobalSection(ProjectConfigurationPlatforms) = postSolution
		{94DF9FD2-B254-4071-A082-49CF652D0066}.Debug|Any CPU.ActiveCfg = Debug|Any CPU
		{94DF9FD2-B254-4071-A082-49CF652D0066}.Debug|Any CPU.Build.0 = Debug|Any CPU
		{94DF9FD2-B254-4071-A082-49CF652D0066}.Release|Any CPU.ActiveCfg = Release|Any CPU
		{94DF9FD2-B254-4071-A082-49CF652D0066}.Release|Any CPU.Build.0 = Release|Any CPU
		{36BBE899-CF01-4ECF-B4F4-627D63531005}.Debug|Any CPU.ActiveCfg = Debug|Any CPU
		{36BBE899-CF01-4ECF-B4F4-627D63531005}.Debug|Any CPU.Build.0 = Debug|Any CPU
		{36BBE899-CF01-4ECF-B4F4-627D63531005}.Release|Any CPU.ActiveCfg = Release|Any CPU
		{36BBE899-CF01-4ECF-B4F4-627D63531005}.Release|Any CPU.Build.0 = Release|Any CPU
		{D9F69E27-BF1F-4088-AD24-5961B09F9D32}.Debug|Any CPU.ActiveCfg = Debug|Any CPU
		{D9F69E27-BF1F-4088-AD24-5961B09F9D32}.Debug|Any CPU.Build.0 = Debug|Any CPU
		{D9F69E27-BF1F-4088-AD24-5961B09F9D32}.Release|Any CPU.ActiveCfg = Release|Any CPU
		{D9F69E27-BF1F-4088-AD24-5961B09F9D32}.Release|Any CPU.Build.0 = Release|Any CPU
		{93819E79-B450-4652-AD6E-E4FB114BAB29}.Debug|Any CPU.ActiveCfg = Debug|Any CPU
		{93819E79-B450-4652-AD6E-E4FB114BAB29}.Debug|Any CPU.Build.0 = Debug|Any CPU
		{93819E79-B450-4652-AD6E-E4FB114BAB29}.Release|Any CPU.ActiveCfg = Release|Any CPU
		{93819E79-B450-4652-AD6E-E4FB114BAB29}.Release|Any CPU.Build.0 = Release|Any CPU
		{714A57C1-5A0C-413D-B1D5-E21457182E67}.Debug|Any CPU.ActiveCfg = Debug|Any CPU
		{714A57C1-5A0C-413D-B1D5-E21457182E67}.Debug|Any CPU.Build.0 = Debug|Any CPU
		{714A57C1-5A0C-413D-B1D5-E21457182E67}.Release|Any CPU.ActiveCfg = Release|Any CPU
		{714A57C1-5A0C-413D-B1D5-E21457182E67}.Release|Any CPU.Build.0 = Release|Any CPU
	EndGlobalSection
	GlobalSection(SolutionProperties) = preSolution
		HideSolutionNode = FALSE
	EndGlobalSection
	GlobalSection(ExtensibilityGlobals) = postSolution
		SolutionGuid = {4766835C-4DA4-4A53-97D8-CBA1E51E1082}
	EndGlobalSection
EndGlobal
